{
  "nodes": {
    "nixpkgs": {
      "locked": {
        "lastModified": 1791487292,
        "narHash": "sha256-tqM7xDEsaeK1p6VvRygeZ9LkQRpUUkbRT02BHv6hnTM=",
        "owner": "NixOS",
        "repo": "nixpkgs",
        "rev": "8edc0c72e3a38faf5434e40d1f19431125fe4b30",
        "type": "github"
      },
      "original": {
        "owner": "NixOS",
        "ref": "nixpkgs-unstable",
        "repo": "nixpkgs",
        "type": "github"
      }
    },
    "root": {
      "inputs": {
        "nixpkgs": "nixpkgs",
        "systems": "systems"
      }
    },
    "systems": {
      "locked": {
        "lastModified": 1791244623,
        "narHash": "sha256-uuanbkFk8a313Zfrxdcz8Us/yQtaxNnKJtX8v0ZPpd8=",
        "owner": "nix-systems",
        "repo": "default",
        "rev": "d36eeed142f88b5a636f2e3856a53c61654cf29b",
        "type": "github"
      },
      "original": {
        "owner": "nix-systems",
        "repo": "default",
        "type": "github"
      }
    }
  },
  "root": "root",
  "version": 7
}
